
Microsoft Visual Studio Solution File, Format Version 10.00
# Visual Studio 2008
Project("{FAE04EC0-301F-11D3-BF4B-00C04F79EFBC}") = "Core", "Core\Core.csproj", "{F39DFF56-844A-4042-A846-6012CDFB40C1}"
EndProject
Project("{FAE04EC0-301F-11D3-BF4B-00C04F79EFBC}") = "Tests", "Tests\Tests.csproj", "{0D21E8D0-C20E-40CE-A596-A726AEBB8414}"
EndProject
Global
	GlobalSection(SolutionConfigurationPlatforms) = preSolution
		Debug|Any CPU = Debug|Any CPU
		Release|Any CPU = Release|Any CPU
	EndGlobalSection
	GlobalSection(ProjectConfigurationPlatforms) = postSolution
		{F39DFF56-844A-4042-A846-6012CDFB40C1}.Debug|Any CPU.ActiveCfg = Debug|Any CPU
		{F39DFF56-844A-4042-A846-6012CDFB40C1}.Debug|Any CPU.Build.0 = Debug|Any CPU
		{F39DFF56-844A-4042-A846-6012CDFB40C1}.Release|Any CPU.ActiveCfg = Release|Any CPU
		{F39DFF56-844A-4042-A846-6012CDFB40C1}.Release|Any CPU.Build.0 = Release|Any CPU
		{0D21E8D0-C20E-40CE-A596-A726AEBB8414}.Debug|Any CPU.ActiveCfg = Debug|Any CPU
		{0D21E8D0-C20E-40CE-A596-A726AEBB8414}.Debug|Any CPU.Build.0 = Debug|Any CPU
		{0D21E8D0-C20E-40CE-A596-A726AEBB8414}.Release|Any CPU.ActiveCfg = Release|Any CPU
		{0D21E8D0-C20E-40CE-A596-A726AEBB8414}.Release|Any CPU.Build.0 = Release|Any CPU
	EndGlobalSection
	GlobalSection(SolutionProperties) = preSolution
		HideSolutionNode = FALSE
	EndGlobalSection
EndGlobal
